
Microsoft Visual Studio Solution File, Format Version 12.00
# Visual Studio Version 16
VisualStudioVersion = 16.0.31911.196
MinimumVisualStudioVersion = 10.0.40219.1
Project("{FAE04EC0-301F-11D3-BF4B-00C04F79EFBC}") = "StronglyTypedView", "StronglyTypedView\StronglyTypedView.csproj", "{24B66CC6-F6E6-4BB2-8A6B-625A15BC4DAB}"
EndProject
Global
	GlobalSection(SolutionConfigurationPlatforms) = preSolution
		Debug|Any CPU = Debug|Any CPU
		Release|Any CPU = Release|Any CPU
	EndGlobalSection
	GlobalSection(ProjectConfigurationPlatforms) = postSolution
		{24B66CC6-F6E6-4BB2-8A6B-625A15BC4DAB}.Debug|Any CPU.ActiveCfg = Debug|Any CPU
		{24B66CC6-F6E6-4BB2-8A6B-625A15BC4DAB}.Debug|Any CPU.Build.0 = Debug|Any CPU
		{24B66CC6-F6E6-4BB2-8A6B-625A15BC4DAB}.Release|Any CPU.ActiveCfg = Release|Any CPU
		{24B66CC6-F6E6-4BB2-8A6B-625A15BC4DAB}.Release|Any CPU.Build.0 = Release|Any CPU
	EndGlobalSection
	GlobalSection(SolutionProperties) = preSolution
		HideSolutionNode = FALSE
	EndGlobalSection
	GlobalSection(ExtensibilityGlobals) = postSolution
		SolutionGuid = {0CD99045-4E34-4766-B2DD-A152FDF360BE}
	EndGlobalSection
EndGlobal
