
Microsoft Visual Studio Solution File, Format Version 12.00
# Visual Studio Version 16
VisualStudioVersion = 16.0.31729.503
MinimumVisualStudioVersion = 10.0.40219.1
Project("{FAE04EC0-301F-11D3-BF4B-00C04F79EFBC}") = "Ahad", "Ahad\Ahad.csproj", "{4FC0337B-268B-43DE-9043-893A47B59F1A}"
EndProject
Global
	GlobalSection(SolutionConfigurationPlatforms) = preSolution
		Debug|Any CPU = Debug|Any CPU
		Release|Any CPU = Release|Any CPU
	EndGlobalSection
	GlobalSection(ProjectConfigurationPlatforms) = postSolution
		{4FC0337B-268B-43DE-9043-893A47B59F1A}.Debug|Any CPU.ActiveCfg = Debug|Any CPU
		{4FC0337B-268B-43DE-9043-893A47B59F1A}.Debug|Any CPU.Build.0 = Debug|Any CPU
		{4FC0337B-268B-43DE-9043-893A47B59F1A}.Release|Any CPU.ActiveCfg = Release|Any CPU
		{4FC0337B-268B-43DE-9043-893A47B59F1A}.Release|Any CPU.Build.0 = Release|Any CPU
	EndGlobalSection
	GlobalSection(SolutionProperties) = preSolution
		HideSolutionNode = FALSE
	EndGlobalSection
	GlobalSection(ExtensibilityGlobals) = postSolution
		SolutionGuid = {4C439D20-C780-4C23-93CC-FB446E409854}
	EndGlobalSection
EndGlobal
