
Microsoft Visual Studio Solution File, Format Version 12.00
# Visual Studio Version 16
VisualStudioVersion = 16.0.31729.503
MinimumVisualStudioVersion = 10.0.40219.1
Project("{2150E333-8FDC-42A3-9474-1A3956D46DE8}") = "Methods", "Methods", "{EAA9E900-DA40-40C5-9D4F-F40C08A7EF11}"
EndProject
Project("{9A19103F-16F7-4668-BE54-9A1E7A4F7556}") = "Methods1", "Methods1\Methods1.csproj", "{30BEA836-E0E0-4BEF-9F8E-1AC086F23435}"
EndProject
Project("{9A19103F-16F7-4668-BE54-9A1E7A4F7556}") = "MethodParameters", "MethodParameters\MethodParameters.csproj", "{F9094E94-61B0-4645-8ED9-12E29E360B30}"
EndProject
Project("{9A19103F-16F7-4668-BE54-9A1E7A4F7556}") = "MethodParaMetersAdditions", "MethodParaMeters1\MethodParaMetersAdditions.csproj", "{01E3EEA9-FF2C-42B2-BE2E-647C1A468767}"
EndProject
Project("{9A19103F-16F7-4668-BE54-9A1E7A4F7556}") = "ParaMeterArrays", "ParaMeterArrays\ParaMeterArrays.csproj", "{EF48DECA-E413-451B-9FD2-4CD082041485}"
EndProject
Project("{9A19103F-16F7-4668-BE54-9A1E7A4F7556}") = "NameSpace", "NameSpace\NameSpace.csproj", "{8D3E63D7-FBB2-4C48-9B14-082E064959FF}"
EndProject
Project("{9A19103F-16F7-4668-BE54-9A1E7A4F7556}") = "Method", "Method\Method.csproj", "{F6A8DEF5-350D-4FCA-B0D2-06BE7F27896F}"
EndProject
Project("{9A19103F-16F7-4668-BE54-9A1E7A4F7556}") = "MainMethod", "MainMethod\MainMethod.csproj", "{EEFC3089-49A7-425B-B81F-2F89A1ED9A5A}"
EndProject
Project("{9A19103F-16F7-4668-BE54-9A1E7A4F7556}") = "DefaultConstructor", "Constructor\DefaultConstructor.csproj", "{CF50096E-94D3-411C-BF50-5FA0BC76EAE1}"
EndProject
Project("{9A19103F-16F7-4668-BE54-9A1E7A4F7556}") = "ParaMeterizedConstructor", "ParaMeterizedConstructor\ParaMeterizedConstructor.csproj", "{DE04A0EE-A125-4181-94D2-73BCAA53A109}"
EndProject
Project("{9A19103F-16F7-4668-BE54-9A1E7A4F7556}") = "Deconstructor", "Deconstructor\Deconstructor.csproj", "{E10D510A-474A-4C03-963F-99C76AEF7A4D}"
EndProject
Project("{2150E333-8FDC-42A3-9474-1A3956D46DE8}") = "Oops", "Oops", "{71F7646E-6E8E-4279-ACF8-23300C482428}"
EndProject
Project("{9A19103F-16F7-4668-BE54-9A1E7A4F7556}") = "Inheritance", "Inheritance\Inheritance.csproj", "{E02A8A8D-B922-4428-A761-331C09021C3E}"
EndProject
Project("{2150E333-8FDC-42A3-9474-1A3956D46DE8}") = "ControlStatement", "ControlStatement", "{25064707-58CD-486F-ADB1-066EFB920FCC}"
EndProject
Project("{9A19103F-16F7-4668-BE54-9A1E7A4F7556}") = "if-else statement", "Statement\if-else statement.csproj", "{17FD30EC-CDDD-4779-A7A9-24EB9FC4E39D}"
EndProject
Project("{9A19103F-16F7-4668-BE54-9A1E7A4F7556}") = "if statement", "IfStatement\if statement.csproj", "{46F0477B-8F10-48B0-9D9C-EB923014B22C}"
EndProject
Project("{9A19103F-16F7-4668-BE54-9A1E7A4F7556}") = "if-else-if ladder", "NestedIfStatement\if-else-if ladder.csproj", "{7E21A01A-F2AA-4F60-A72D-B241DD6322F4}"
EndProject
Project("{2150E333-8FDC-42A3-9474-1A3956D46DE8}") = "Switch", "Switch", "{1FEDEE94-4893-475A-937C-8DCA1255A2EE}"
EndProject
Project("{9A19103F-16F7-4668-BE54-9A1E7A4F7556}") = "Switch", "Switch\Switch.csproj", "{44CC6EC7-24DB-442D-AC9B-21E25D63CCD8}"
EndProject
Project("{2150E333-8FDC-42A3-9474-1A3956D46DE8}") = "Loop", "Loop", "{F9FD5D68-DA09-4039-8294-9C72B920E086}"
EndProject
Project("{9A19103F-16F7-4668-BE54-9A1E7A4F7556}") = "For", "For\For.csproj", "{F3013DCF-CAF9-4905-BD0B-434930573E29}"
EndProject
Project("{9A19103F-16F7-4668-BE54-9A1E7A4F7556}") = "Nested-For-Loop", "Nested-For-Loop\Nested-For-Loop.csproj", "{BB3E556C-6599-468B-BA59-62153293AB94}"
EndProject
Project("{9A19103F-16F7-4668-BE54-9A1E7A4F7556}") = "While", "While\While.csproj", "{596BABFC-CD84-4170-959B-A627600538CD}"
EndProject
Project("{9A19103F-16F7-4668-BE54-9A1E7A4F7556}") = "Nested-While", "Nested-While\Nested-While.csproj", "{F5E61A88-2650-4DEF-A10D-92F1E827A904}"
EndProject
Project("{9A19103F-16F7-4668-BE54-9A1E7A4F7556}") = "Do", "Do\Do.csproj", "{04EF65C7-9BB1-4073-BFAE-749DEF5EB051}"
EndProject
Project("{9A19103F-16F7-4668-BE54-9A1E7A4F7556}") = "Hidding", "Hidding\Hidding.csproj", "{3BF5E823-1B23-4BC1-8B73-9D5B7C31A69C}"
EndProject
Project("{9A19103F-16F7-4668-BE54-9A1E7A4F7556}") = "Polymorphism", "Polymorphism\Polymorphism.csproj", "{548F8707-23A0-4A3F-915A-D8B935D89C59}"
EndProject
Project("{9A19103F-16F7-4668-BE54-9A1E7A4F7556}") = "Overriding", "Overriding\Overriding.csproj", "{0C7EF152-7A00-4B86-8572-BA309F967916}"
EndProject
Project("{9A19103F-16F7-4668-BE54-9A1E7A4F7556}") = "SetterGatter", "SetterGatter\SetterGatter.csproj", "{45931EC2-70A8-41A8-80A9-D99F1E195F4E}"
EndProject
Project("{FAE04EC0-301F-11D3-BF4B-00C04F79EFBC}") = "ReadWrite", "ReadWrite\ReadWrite.csproj", "{43655BA2-E6DC-4814-9908-305C47926063}"
EndProject
Project("{FAE04EC0-301F-11D3-BF4B-00C04F79EFBC}") = "Struct", "Struct\Struct.csproj", "{C30735E5-D9E1-449F-807E-8E60F6238064}"
EndProject
Global
	GlobalSection(SolutionConfigurationPlatforms) = preSolution
		Debug|Any CPU = Debug|Any CPU
		Release|Any CPU = Release|Any CPU
	EndGlobalSection
	GlobalSection(ProjectConfigurationPlatforms) = postSolution
		{30BEA836-E0E0-4BEF-9F8E-1AC086F23435}.Debug|Any CPU.ActiveCfg = Debug|Any CPU
		{30BEA836-E0E0-4BEF-9F8E-1AC086F23435}.Debug|Any CPU.Build.0 = Debug|Any CPU
		{30BEA836-E0E0-4BEF-9F8E-1AC086F23435}.Release|Any CPU.ActiveCfg = Release|Any CPU
		{30BEA836-E0E0-4BEF-9F8E-1AC086F23435}.Release|Any CPU.Build.0 = Release|Any CPU
		{F9094E94-61B0-4645-8ED9-12E29E360B30}.Debug|Any CPU.ActiveCfg = Debug|Any CPU
		{F9094E94-61B0-4645-8ED9-12E29E360B30}.Debug|Any CPU.Build.0 = Debug|Any CPU
		{F9094E94-61B0-4645-8ED9-12E29E360B30}.Release|Any CPU.ActiveCfg = Release|Any CPU
		{F9094E94-61B0-4645-8ED9-12E29E360B30}.Release|Any CPU.Build.0 = Release|Any CPU
		{01E3EEA9-FF2C-42B2-BE2E-647C1A468767}.Debug|Any CPU.ActiveCfg = Debug|Any CPU
		{01E3EEA9-FF2C-42B2-BE2E-647C1A468767}.Debug|Any CPU.Build.0 = Debug|Any CPU
		{01E3EEA9-FF2C-42B2-BE2E-647C1A468767}.Release|Any CPU.ActiveCfg = Release|Any CPU
		{01E3EEA9-FF2C-42B2-BE2E-647C1A468767}.Release|Any CPU.Build.0 = Release|Any CPU
		{EF48DECA-E413-451B-9FD2-4CD082041485}.Debug|Any CPU.ActiveCfg = Debug|Any CPU
		{EF48DECA-E413-451B-9FD2-4CD082041485}.Debug|Any CPU.Build.0 = Debug|Any CPU
		{EF48DECA-E413-451B-9FD2-4CD082041485}.Release|Any CPU.ActiveCfg = Release|Any CPU
		{EF48DECA-E413-451B-9FD2-4CD082041485}.Release|Any CPU.Build.0 = Release|Any CPU
		{8D3E63D7-FBB2-4C48-9B14-082E064959FF}.Debug|Any CPU.ActiveCfg = Debug|Any CPU
		{8D3E63D7-FBB2-4C48-9B14-082E064959FF}.Debug|Any CPU.Build.0 = Debug|Any CPU
		{8D3E63D7-FBB2-4C48-9B14-082E064959FF}.Release|Any CPU.ActiveCfg = Release|Any CPU
		{8D3E63D7-FBB2-4C48-9B14-082E064959FF}.Release|Any CPU.Build.0 = Release|Any CPU
		{F6A8DEF5-350D-4FCA-B0D2-06BE7F27896F}.Debug|Any CPU.ActiveCfg = Debug|Any CPU
		{F6A8DEF5-350D-4FCA-B0D2-06BE7F27896F}.Debug|Any CPU.Build.0 = Debug|Any CPU
		{F6A8DEF5-350D-4FCA-B0D2-06BE7F27896F}.Release|Any CPU.ActiveCfg = Release|Any CPU
		{F6A8DEF5-350D-4FCA-B0D2-06BE7F27896F}.Release|Any CPU.Build.0 = Release|Any CPU
		{EEFC3089-49A7-425B-B81F-2F89A1ED9A5A}.Debug|Any CPU.ActiveCfg = Debug|Any CPU
		{EEFC3089-49A7-425B-B81F-2F89A1ED9A5A}.Debug|Any CPU.Build.0 = Debug|Any CPU
		{EEFC3089-49A7-425B-B81F-2F89A1ED9A5A}.Release|Any CPU.ActiveCfg = Release|Any CPU
		{EEFC3089-49A7-425B-B81F-2F89A1ED9A5A}.Release|Any CPU.Build.0 = Release|Any CPU
		{CF50096E-94D3-411C-BF50-5FA0BC76EAE1}.Debug|Any CPU.ActiveCfg = Debug|Any CPU
		{CF50096E-94D3-411C-BF50-5FA0BC76EAE1}.Debug|Any CPU.Build.0 = Debug|Any CPU
		{CF50096E-94D3-411C-BF50-5FA0BC76EAE1}.Release|Any CPU.ActiveCfg = Release|Any CPU
		{CF50096E-94D3-411C-BF50-5FA0BC76EAE1}.Release|Any CPU.Build.0 = Release|Any CPU
		{DE04A0EE-A125-4181-94D2-73BCAA53A109}.Debug|Any CPU.ActiveCfg = Debug|Any CPU
		{DE04A0EE-A125-4181-94D2-73BCAA53A109}.Debug|Any CPU.Build.0 = Debug|Any CPU
		{DE04A0EE-A125-4181-94D2-73BCAA53A109}.Release|Any CPU.ActiveCfg = Release|Any CPU
		{DE04A0EE-A125-4181-94D2-73BCAA53A109}.Release|Any CPU.Build.0 = Release|Any CPU
		{E10D510A-474A-4C03-963F-99C76AEF7A4D}.Debug|Any CPU.ActiveCfg = Debug|Any CPU
		{E10D510A-474A-4C03-963F-99C76AEF7A4D}.Debug|Any CPU.Build.0 = Debug|Any CPU
		{E10D510A-474A-4C03-963F-99C76AEF7A4D}.Release|Any CPU.ActiveCfg = Release|Any CPU
		{E10D510A-474A-4C03-963F-99C76AEF7A4D}.Release|Any CPU.Build.0 = Release|Any CPU
		{E02A8A8D-B922-4428-A761-331C09021C3E}.Debug|Any CPU.ActiveCfg = Debug|Any CPU
		{E02A8A8D-B922-4428-A761-331C09021C3E}.Debug|Any CPU.Build.0 = Debug|Any CPU
		{E02A8A8D-B922-4428-A761-331C09021C3E}.Release|Any CPU.ActiveCfg = Release|Any CPU
		{E02A8A8D-B922-4428-A761-331C09021C3E}.Release|Any CPU.Build.0 = Release|Any CPU
		{17FD30EC-CDDD-4779-A7A9-24EB9FC4E39D}.Debug|Any CPU.ActiveCfg = Debug|Any CPU
		{17FD30EC-CDDD-4779-A7A9-24EB9FC4E39D}.Debug|Any CPU.Build.0 = Debug|Any CPU
		{17FD30EC-CDDD-4779-A7A9-24EB9FC4E39D}.Release|Any CPU.ActiveCfg = Release|Any CPU
		{17FD30EC-CDDD-4779-A7A9-24EB9FC4E39D}.Release|Any CPU.Build.0 = Release|Any CPU
		{46F0477B-8F10-48B0-9D9C-EB923014B22C}.Debug|Any CPU.ActiveCfg = Debug|Any CPU
		{46F0477B-8F10-48B0-9D9C-EB923014B22C}.Debug|Any CPU.Build.0 = Debug|Any CPU
		{46F0477B-8F10-48B0-9D9C-EB923014B22C}.Release|Any CPU.ActiveCfg = Release|Any CPU
		{46F0477B-8F10-48B0-9D9C-EB923014B22C}.Release|Any CPU.Build.0 = Release|Any CPU
		{7E21A01A-F2AA-4F60-A72D-B241DD6322F4}.Debug|Any CPU.ActiveCfg = Debug|Any CPU
		{7E21A01A-F2AA-4F60-A72D-B241DD6322F4}.Debug|Any CPU.Build.0 = Debug|Any CPU
		{7E21A01A-F2AA-4F60-A72D-B241DD6322F4}.Release|Any CPU.ActiveCfg = Release|Any CPU
		{7E21A01A-F2AA-4F60-A72D-B241DD6322F4}.Release|Any CPU.Build.0 = Release|Any CPU
		{44CC6EC7-24DB-442D-AC9B-21E25D63CCD8}.Debug|Any CPU.ActiveCfg = Debug|Any CPU
		{44CC6EC7-24DB-442D-AC9B-21E25D63CCD8}.Debug|Any CPU.Build.0 = Debug|Any CPU
		{44CC6EC7-24DB-442D-AC9B-21E25D63CCD8}.Release|Any CPU.ActiveCfg = Release|Any CPU
		{44CC6EC7-24DB-442D-AC9B-21E25D63CCD8}.Release|Any CPU.Build.0 = Release|Any CPU
		{F3013DCF-CAF9-4905-BD0B-434930573E29}.Debug|Any CPU.ActiveCfg = Debug|Any CPU
		{F3013DCF-CAF9-4905-BD0B-434930573E29}.Debug|Any CPU.Build.0 = Debug|Any CPU
		{F3013DCF-CAF9-4905-BD0B-434930573E29}.Release|Any CPU.ActiveCfg = Release|Any CPU
		{F3013DCF-CAF9-4905-BD0B-434930573E29}.Release|Any CPU.Build.0 = Release|Any CPU
		{BB3E556C-6599-468B-BA59-62153293AB94}.Debug|Any CPU.ActiveCfg = Debug|Any CPU
		{BB3E556C-6599-468B-BA59-62153293AB94}.Debug|Any CPU.Build.0 = Debug|Any CPU
		{BB3E556C-6599-468B-BA59-62153293AB94}.Release|Any CPU.ActiveCfg = Release|Any CPU
		{BB3E556C-6599-468B-BA59-62153293AB94}.Release|Any CPU.Build.0 = Release|Any CPU
		{596BABFC-CD84-4170-959B-A627600538CD}.Debug|Any CPU.ActiveCfg = Debug|Any CPU
		{596BABFC-CD84-4170-959B-A627600538CD}.Debug|Any CPU.Build.0 = Debug|Any CPU
		{596BABFC-CD84-4170-959B-A627600538CD}.Release|Any CPU.ActiveCfg = Release|Any CPU
		{596BABFC-CD84-4170-959B-A627600538CD}.Release|Any CPU.Build.0 = Release|Any CPU
		{F5E61A88-2650-4DEF-A10D-92F1E827A904}.Debug|Any CPU.ActiveCfg = Debug|Any CPU
		{F5E61A88-2650-4DEF-A10D-92F1E827A904}.Debug|Any CPU.Build.0 = Debug|Any CPU
		{F5E61A88-2650-4DEF-A10D-92F1E827A904}.Release|Any CPU.ActiveCfg = Release|Any CPU
		{F5E61A88-2650-4DEF-A10D-92F1E827A904}.Release|Any CPU.Build.0 = Release|Any CPU
		{04EF65C7-9BB1-4073-BFAE-749DEF5EB051}.Debug|Any CPU.ActiveCfg = Debug|Any CPU
		{04EF65C7-9BB1-4073-BFAE-749DEF5EB051}.Debug|Any CPU.Build.0 = Debug|Any CPU
		{04EF65C7-9BB1-4073-BFAE-749DEF5EB051}.Release|Any CPU.ActiveCfg = Release|Any CPU
		{04EF65C7-9BB1-4073-BFAE-749DEF5EB051}.Release|Any CPU.Build.0 = Release|Any CPU
		{3BF5E823-1B23-4BC1-8B73-9D5B7C31A69C}.Debug|Any CPU.ActiveCfg = Debug|Any CPU
		{3BF5E823-1B23-4BC1-8B73-9D5B7C31A69C}.Debug|Any CPU.Build.0 = Debug|Any CPU
		{3BF5E823-1B23-4BC1-8B73-9D5B7C31A69C}.Release|Any CPU.ActiveCfg = Release|Any CPU
		{3BF5E823-1B23-4BC1-8B73-9D5B7C31A69C}.Release|Any CPU.Build.0 = Release|Any CPU
		{548F8707-23A0-4A3F-915A-D8B935D89C59}.Debug|Any CPU.ActiveCfg = Debug|Any CPU
		{548F8707-23A0-4A3F-915A-D8B935D89C59}.Debug|Any CPU.Build.0 = Debug|Any CPU
		{548F8707-23A0-4A3F-915A-D8B935D89C59}.Release|Any CPU.ActiveCfg = Release|Any CPU
		{548F8707-23A0-4A3F-915A-D8B935D89C59}.Release|Any CPU.Build.0 = Release|Any CPU
		{0C7EF152-7A00-4B86-8572-BA309F967916}.Debug|Any CPU.ActiveCfg = Debug|Any CPU
		{0C7EF152-7A00-4B86-8572-BA309F967916}.Debug|Any CPU.Build.0 = Debug|Any CPU
		{0C7EF152-7A00-4B86-8572-BA309F967916}.Release|Any CPU.ActiveCfg = Release|Any CPU
		{0C7EF152-7A00-4B86-8572-BA309F967916}.Release|Any CPU.Build.0 = Release|Any CPU
		{45931EC2-70A8-41A8-80A9-D99F1E195F4E}.Debug|Any CPU.ActiveCfg = Debug|Any CPU
		{45931EC2-70A8-41A8-80A9-D99F1E195F4E}.Debug|Any CPU.Build.0 = Debug|Any CPU
		{45931EC2-70A8-41A8-80A9-D99F1E195F4E}.Release|Any CPU.ActiveCfg = Release|Any CPU
		{45931EC2-70A8-41A8-80A9-D99F1E195F4E}.Release|Any CPU.Build.0 = Release|Any CPU
		{43655BA2-E6DC-4814-9908-305C47926063}.Debug|Any CPU.ActiveCfg = Debug|Any CPU
		{43655BA2-E6DC-4814-9908-305C47926063}.Debug|Any CPU.Build.0 = Debug|Any CPU
		{43655BA2-E6DC-4814-9908-305C47926063}.Release|Any CPU.ActiveCfg = Release|Any CPU
		{43655BA2-E6DC-4814-9908-305C47926063}.Release|Any CPU.Build.0 = Release|Any CPU
		{C30735E5-D9E1-449F-807E-8E60F6238064}.Debug|Any CPU.ActiveCfg = Debug|Any CPU
		{C30735E5-D9E1-449F-807E-8E60F6238064}.Debug|Any CPU.Build.0 = Debug|Any CPU
		{C30735E5-D9E1-449F-807E-8E60F6238064}.Release|Any CPU.ActiveCfg = Release|Any CPU
		{C30735E5-D9E1-449F-807E-8E60F6238064}.Release|Any CPU.Build.0 = Release|Any CPU
	EndGlobalSection
	GlobalSection(SolutionProperties) = preSolution
		HideSolutionNode = FALSE
	EndGlobalSection
	GlobalSection(NestedProjects) = preSolution
		{30BEA836-E0E0-4BEF-9F8E-1AC086F23435} = {EAA9E900-DA40-40C5-9D4F-F40C08A7EF11}
		{F9094E94-61B0-4645-8ED9-12E29E360B30} = {EAA9E900-DA40-40C5-9D4F-F40C08A7EF11}
		{01E3EEA9-FF2C-42B2-BE2E-647C1A468767} = {EAA9E900-DA40-40C5-9D4F-F40C08A7EF11}
		{EF48DECA-E413-451B-9FD2-4CD082041485} = {EAA9E900-DA40-40C5-9D4F-F40C08A7EF11}
		{F6A8DEF5-350D-4FCA-B0D2-06BE7F27896F} = {EAA9E900-DA40-40C5-9D4F-F40C08A7EF11}
		{EEFC3089-49A7-425B-B81F-2F89A1ED9A5A} = {EAA9E900-DA40-40C5-9D4F-F40C08A7EF11}
		{CF50096E-94D3-411C-BF50-5FA0BC76EAE1} = {EAA9E900-DA40-40C5-9D4F-F40C08A7EF11}
		{DE04A0EE-A125-4181-94D2-73BCAA53A109} = {EAA9E900-DA40-40C5-9D4F-F40C08A7EF11}
		{E10D510A-474A-4C03-963F-99C76AEF7A4D} = {EAA9E900-DA40-40C5-9D4F-F40C08A7EF11}
		{E02A8A8D-B922-4428-A761-331C09021C3E} = {71F7646E-6E8E-4279-ACF8-23300C482428}
		{17FD30EC-CDDD-4779-A7A9-24EB9FC4E39D} = {25064707-58CD-486F-ADB1-066EFB920FCC}
		{46F0477B-8F10-48B0-9D9C-EB923014B22C} = {25064707-58CD-486F-ADB1-066EFB920FCC}
		{7E21A01A-F2AA-4F60-A72D-B241DD6322F4} = {25064707-58CD-486F-ADB1-066EFB920FCC}
		{44CC6EC7-24DB-442D-AC9B-21E25D63CCD8} = {1FEDEE94-4893-475A-937C-8DCA1255A2EE}
		{F3013DCF-CAF9-4905-BD0B-434930573E29} = {F9FD5D68-DA09-4039-8294-9C72B920E086}
		{BB3E556C-6599-468B-BA59-62153293AB94} = {F9FD5D68-DA09-4039-8294-9C72B920E086}
		{596BABFC-CD84-4170-959B-A627600538CD} = {F9FD5D68-DA09-4039-8294-9C72B920E086}
		{F5E61A88-2650-4DEF-A10D-92F1E827A904} = {F9FD5D68-DA09-4039-8294-9C72B920E086}
		{04EF65C7-9BB1-4073-BFAE-749DEF5EB051} = {F9FD5D68-DA09-4039-8294-9C72B920E086}
		{3BF5E823-1B23-4BC1-8B73-9D5B7C31A69C} = {71F7646E-6E8E-4279-ACF8-23300C482428}
		{548F8707-23A0-4A3F-915A-D8B935D89C59} = {71F7646E-6E8E-4279-ACF8-23300C482428}
		{0C7EF152-7A00-4B86-8572-BA309F967916} = {71F7646E-6E8E-4279-ACF8-23300C482428}
		{45931EC2-70A8-41A8-80A9-D99F1E195F4E} = {71F7646E-6E8E-4279-ACF8-23300C482428}
		{43655BA2-E6DC-4814-9908-305C47926063} = {71F7646E-6E8E-4279-ACF8-23300C482428}
		{C30735E5-D9E1-449F-807E-8E60F6238064} = {71F7646E-6E8E-4279-ACF8-23300C482428}
	EndGlobalSection
	GlobalSection(ExtensibilityGlobals) = postSolution
		SolutionGuid = {D116DFFB-0681-4EC4-B88A-576AC4D651C0}
	EndGlobalSection
EndGlobal
