
Microsoft Visual Studio Solution File, Format Version 12.00
# Visual Studio Version 16
VisualStudioVersion = 16.0.31729.503
MinimumVisualStudioVersion = 10.0.40219.1
Project("{FAE04EC0-301F-11D3-BF4B-00C04F79EFBC}") = "Ehtesham1", "Ehtesham1\Ehtesham1.csproj", "{83EC18D7-A294-4DF4-A384-D336AFB1291B}"
EndProject
Global
	GlobalSection(SolutionConfigurationPlatforms) = preSolution
		Debug|Any CPU = Debug|Any CPU
		Release|Any CPU = Release|Any CPU
	EndGlobalSection
	GlobalSection(ProjectConfigurationPlatforms) = postSolution
		{83EC18D7-A294-4DF4-A384-D336AFB1291B}.Debug|Any CPU.ActiveCfg = Debug|Any CPU
		{83EC18D7-A294-4DF4-A384-D336AFB1291B}.Debug|Any CPU.Build.0 = Debug|Any CPU
		{83EC18D7-A294-4DF4-A384-D336AFB1291B}.Release|Any CPU.ActiveCfg = Release|Any CPU
		{83EC18D7-A294-4DF4-A384-D336AFB1291B}.Release|Any CPU.Build.0 = Release|Any CPU
	EndGlobalSection
	GlobalSection(SolutionProperties) = preSolution
		HideSolutionNode = FALSE
	EndGlobalSection
	GlobalSection(ExtensibilityGlobals) = postSolution
		SolutionGuid = {D6D4535C-7545-459D-9DF5-353644CF6C72}
	EndGlobalSection
EndGlobal
