
Microsoft Visual Studio Solution File, Format Version 12.00
# Visual Studio Version 16
VisualStudioVersion = 16.0.31911.196
MinimumVisualStudioVersion = 10.0.40219.1
Project("{FAE04EC0-301F-11D3-BF4B-00C04F79EFBC}") = "LinQToSql", "LinQToSql\LinQToSql.csproj", "{C6450010-DDD4-4843-8A1C-2A87E551C1E8}"
EndProject
Global
	GlobalSection(SolutionConfigurationPlatforms) = preSolution
		Debug|Any CPU = Debug|Any CPU
		Release|Any CPU = Release|Any CPU
	EndGlobalSection
	GlobalSection(ProjectConfigurationPlatforms) = postSolution
		{C6450010-DDD4-4843-8A1C-2A87E551C1E8}.Debug|Any CPU.ActiveCfg = Debug|Any CPU
		{C6450010-DDD4-4843-8A1C-2A87E551C1E8}.Debug|Any CPU.Build.0 = Debug|Any CPU
		{C6450010-DDD4-4843-8A1C-2A87E551C1E8}.Release|Any CPU.ActiveCfg = Release|Any CPU
		{C6450010-DDD4-4843-8A1C-2A87E551C1E8}.Release|Any CPU.Build.0 = Release|Any CPU
	EndGlobalSection
	GlobalSection(SolutionProperties) = preSolution
		HideSolutionNode = FALSE
	EndGlobalSection
	GlobalSection(ExtensibilityGlobals) = postSolution
		SolutionGuid = {C6302DEF-F340-425A-BB60-4675CDFD383D}
	EndGlobalSection
EndGlobal
