
Microsoft Visual Studio Solution File, Format Version 12.00
# Visual Studio Version 16
VisualStudioVersion = 16.0.31729.503
MinimumVisualStudioVersion = 10.0.40219.1
Project("{FAE04EC0-301F-11D3-BF4B-00C04F79EFBC}") = "AboutDetails", "AboutDetails\AboutDetails.csproj", "{390517AF-C1B9-4989-9640-80036B69CFC1}"
EndProject
Global
	GlobalSection(SolutionConfigurationPlatforms) = preSolution
		Debug|Any CPU = Debug|Any CPU
		Release|Any CPU = Release|Any CPU
	EndGlobalSection
	GlobalSection(ProjectConfigurationPlatforms) = postSolution
		{390517AF-C1B9-4989-9640-80036B69CFC1}.Debug|Any CPU.ActiveCfg = Debug|Any CPU
		{390517AF-C1B9-4989-9640-80036B69CFC1}.Debug|Any CPU.Build.0 = Debug|Any CPU
		{390517AF-C1B9-4989-9640-80036B69CFC1}.Release|Any CPU.ActiveCfg = Release|Any CPU
		{390517AF-C1B9-4989-9640-80036B69CFC1}.Release|Any CPU.Build.0 = Release|Any CPU
	EndGlobalSection
	GlobalSection(SolutionProperties) = preSolution
		HideSolutionNode = FALSE
	EndGlobalSection
	GlobalSection(ExtensibilityGlobals) = postSolution
		SolutionGuid = {6C787013-4E03-4471-8B33-8607F750BAC9}
	EndGlobalSection
EndGlobal
