
Microsoft Visual Studio Solution File, Format Version 12.00
# Visual Studio Version 16
VisualStudioVersion = 16.0.31729.503
MinimumVisualStudioVersion = 10.0.40219.1
Project("{FAE04EC0-301F-11D3-BF4B-00C04F79EFBC}") = "WebFormDemo", "WebFormDemo\WebFormDemo.csproj", "{D36C8F1B-5F5B-4966-89BF-F878C3080B6A}"
EndProject
Global
	GlobalSection(SolutionConfigurationPlatforms) = preSolution
		Debug|Any CPU = Debug|Any CPU
		Release|Any CPU = Release|Any CPU
	EndGlobalSection
	GlobalSection(ProjectConfigurationPlatforms) = postSolution
		{D36C8F1B-5F5B-4966-89BF-F878C3080B6A}.Debug|Any CPU.ActiveCfg = Debug|Any CPU
		{D36C8F1B-5F5B-4966-89BF-F878C3080B6A}.Debug|Any CPU.Build.0 = Debug|Any CPU
		{D36C8F1B-5F5B-4966-89BF-F878C3080B6A}.Release|Any CPU.ActiveCfg = Release|Any CPU
		{D36C8F1B-5F5B-4966-89BF-F878C3080B6A}.Release|Any CPU.Build.0 = Release|Any CPU
	EndGlobalSection
	GlobalSection(SolutionProperties) = preSolution
		HideSolutionNode = FALSE
	EndGlobalSection
	GlobalSection(ExtensibilityGlobals) = postSolution
		SolutionGuid = {00B1B9E3-88E8-4E27-BAE2-BB9338DE7487}
	EndGlobalSection
EndGlobal
