
Microsoft Visual Studio Solution File, Format Version 12.00
# Visual Studio Version 16
VisualStudioVersion = 16.0.31911.196
MinimumVisualStudioVersion = 10.0.40219.1
Project("{FAE04EC0-301F-11D3-BF4B-00C04F79EFBC}") = "HTMLBeginForm_mvc", "HTMLBeginForm_mvc\HTMLBeginForm_mvc.csproj", "{B1796009-3237-4B3E-9B5A-A4B99A97E963}"
EndProject
Global
	GlobalSection(SolutionConfigurationPlatforms) = preSolution
		Debug|Any CPU = Debug|Any CPU
		Release|Any CPU = Release|Any CPU
	EndGlobalSection
	GlobalSection(ProjectConfigurationPlatforms) = postSolution
		{B1796009-3237-4B3E-9B5A-A4B99A97E963}.Debug|Any CPU.ActiveCfg = Debug|Any CPU
		{B1796009-3237-4B3E-9B5A-A4B99A97E963}.Debug|Any CPU.Build.0 = Debug|Any CPU
		{B1796009-3237-4B3E-9B5A-A4B99A97E963}.Release|Any CPU.ActiveCfg = Release|Any CPU
		{B1796009-3237-4B3E-9B5A-A4B99A97E963}.Release|Any CPU.Build.0 = Release|Any CPU
	EndGlobalSection
	GlobalSection(SolutionProperties) = preSolution
		HideSolutionNode = FALSE
	EndGlobalSection
	GlobalSection(ExtensibilityGlobals) = postSolution
		SolutionGuid = {D65F86C3-8C0E-4C37-9A00-575B93451533}
	EndGlobalSection
EndGlobal
