
Microsoft Visual Studio Solution File, Format Version 12.00
# Visual Studio Version 16
VisualStudioVersion = 16.0.31911.196
MinimumVisualStudioVersion = 10.0.40219.1
Project("{FAE04EC0-301F-11D3-BF4B-00C04F79EFBC}") = "ASCII", "ASCII\ASCII.csproj", "{ACB169BC-C2D0-40D1-BF56-3C2ACA94E620}"
EndProject
Global
	GlobalSection(SolutionConfigurationPlatforms) = preSolution
		Debug|Any CPU = Debug|Any CPU
		Release|Any CPU = Release|Any CPU
	EndGlobalSection
	GlobalSection(ProjectConfigurationPlatforms) = postSolution
		{ACB169BC-C2D0-40D1-BF56-3C2ACA94E620}.Debug|Any CPU.ActiveCfg = Debug|Any CPU
		{ACB169BC-C2D0-40D1-BF56-3C2ACA94E620}.Debug|Any CPU.Build.0 = Debug|Any CPU
		{ACB169BC-C2D0-40D1-BF56-3C2ACA94E620}.Release|Any CPU.ActiveCfg = Release|Any CPU
		{ACB169BC-C2D0-40D1-BF56-3C2ACA94E620}.Release|Any CPU.Build.0 = Release|Any CPU
	EndGlobalSection
	GlobalSection(SolutionProperties) = preSolution
		HideSolutionNode = FALSE
	EndGlobalSection
	GlobalSection(ExtensibilityGlobals) = postSolution
		SolutionGuid = {02964782-DD0C-402D-AE79-65BD81D248EC}
	EndGlobalSection
EndGlobal
